<?xml version="1.0" encoding="utf-8"?>
<Project ToolsVersion="4.0" xmlns="http://schemas.microsoft.com/developer/msbuild/2003">
  <ItemGroup>
    <Filter Include="Source files">
      <UniqueIdentifier>{bcbe104f-f530-4bc8-bb9d-a301e8b64e7c}</UniqueIdentifier>
      <Extensions>cpp;c;cc;cxx;def;odl;idl;hpj;bat;asm;asmx</Extensions>
    </Filter>
    <Filter Include="Header files">
      <UniqueIdentifier>{73ca1f1f-8bdb-4e4a-b655-8ad3c9df4a06}</UniqueIdentifier>
      <Extensions>h;hpp;hxx;hm;inl;inc;xsd</Extensions>
    </Filter>
    <Filter Include="Resource files">
      <UniqueIdentifier>{01402171-4aed-47af-912a-6ccbf868d5f3}</UniqueIdentifier>
      <Extensions>rc;ico;cur;bmp;dlg;rc2;rct;bin;rgs;gif;jpg;jpeg;jpe;resx;tiff;tif;png;wav</Extensions>
    </Filter>
    <Filter Include="Source files\Startup">
      <UniqueIdentifier>{63d07801-5dcc-4ec3-a3d0-d9c5ae412157}</UniqueIdentifier>
    </Filter>
    <Filter Include="Source files\STM32Cube HAL">
      <UniqueIdentifier>{1e654611-808c-49f8-92cb-bbd9bdabdda7}</UniqueIdentifier>
    </Filter>
    <Filter Include="Source files\STM32Cube HAL\COMMON">
      <UniqueIdentifier>{c4a500fd-78ec-4834-8aa9-84f739715d9b}</UniqueIdentifier>
    </Filter>
    <Filter Include="Source files\STM32Cube HAL\RCC">
      <UniqueIdentifier>{e41a32b7-2fab-40af-8a88-6a6936125e75}</UniqueIdentifier>
    </Filter>
    <Filter Include="Source files\STM32Cube HAL\CORTEX">
      <UniqueIdentifier>{8218d328-f973-4162-8ee1-fb77ed60341c}</UniqueIdentifier>
    </Filter>
    <Filter Include="Source files\STM32Cube HAL\EXTI">
      <UniqueIdentifier>{0a304114-c882-430d-b428-7bda6b9300a0}</UniqueIdentifier>
    </Filter>
    <Filter Include="Source files\STM32Cube HAL\TIM">
      <UniqueIdentifier>{54ad767d-d8d1-451b-a882-b71571d2f9d8}</UniqueIdentifier>
    </Filter>
    <Filter Include="Source files\STM32Cube HAL\DMA">
      <UniqueIdentifier>{b27008cd-d321-4bc0-b95a-48835d4ddd0d}</UniqueIdentifier>
    </Filter>
    <Filter Include="Source files\STM32Cube HAL\PWR">
      <UniqueIdentifier>{a5738fff-e10a-4dce-9037-4323773c0e89}</UniqueIdentifier>
    </Filter>
    <Filter Include="Source files\STM32Cube HAL\FLASH">
      <UniqueIdentifier>{f3f6468e-a9d4-4484-bbe2-142317be5053}</UniqueIdentifier>
    </Filter>
    <Filter Include="Source files\STM32Cube HAL\GPIO">
      <UniqueIdentifier>{da944d45-13bd-4b8d-acf0-459723948672}</UniqueIdentifier>
    </Filter>
    <Filter Include="Source files\Device-specific files">
      <UniqueIdentifier>{139390d5-1851-4b4e-a4ec-776296fabfb8}</UniqueIdentifier>
    </Filter>
    <Filter Include="Header files\Startup">
      <UniqueIdentifier>{963c9097-6b37-47da-ab3f-a6e4d9fe621e}</UniqueIdentifier>
    </Filter>
    <Filter Include="Header files\STM32Cube HAL">
      <UniqueIdentifier>{23a66995-e580-4ee8-9592-9d072e50735c}</UniqueIdentifier>
    </Filter>
    <Filter Include="Header files\STM32Cube HAL\COMMON">
      <UniqueIdentifier>{e6ed362f-6acf-45a3-9081-da3f134c3413}</UniqueIdentifier>
    </Filter>
    <Filter Include="Header files\STM32Cube HAL\RCC">
      <UniqueIdentifier>{0c5ebe7c-5f36-4594-8e0d-780139d9eba9}</UniqueIdentifier>
    </Filter>
    <Filter Include="Header files\STM32Cube HAL\CORTEX">
      <UniqueIdentifier>{aa8ab8a5-9563-4d95-8743-9848d6248bc6}</UniqueIdentifier>
    </Filter>
    <Filter Include="Header files\STM32Cube HAL\EXTI">
      <UniqueIdentifier>{1a346543-0d94-4dd0-b3af-f2a05bf7eacc}</UniqueIdentifier>
    </Filter>
    <Filter Include="Header files\STM32Cube HAL\TIM">
      <UniqueIdentifier>{8fd026e7-3970-4334-b7b9-cb8600b3f88d}</UniqueIdentifier>
    </Filter>
    <Filter Include="Header files\STM32Cube HAL\DMA">
      <UniqueIdentifier>{2910edb4-4a81-4d41-91f4-968e38b4ed80}</UniqueIdentifier>
    </Filter>
    <Filter Include="Header files\STM32Cube HAL\PWR">
      <UniqueIdentifier>{d5688fb2-db35-4d4e-b547-e5906c54cfd2}</UniqueIdentifier>
    </Filter>
    <Filter Include="Header files\STM32Cube HAL\FLASH">
      <UniqueIdentifier>{fd26c20e-d43b-4ef0-a442-892282008d9e}</UniqueIdentifier>
    </Filter>
    <Filter Include="Header files\STM32Cube HAL\GPIO">
      <UniqueIdentifier>{d92fa98c-ca9a-4251-86c0-55d7905eac97}</UniqueIdentifier>
    </Filter>
    <Filter Include="Header files\Device-specific files">
      <UniqueIdentifier>{043f97fd-1c57-4945-9c27-801a74a19dbe}</UniqueIdentifier>
    </Filter>
    <Filter Include="VisualGDB settings">
      <UniqueIdentifier>{ba1eb73c-45a7-4f6c-891f-10b9da054c9d}</UniqueIdentifier>
    </Filter>
  </ItemGroup>
  <ItemGroup>
    <ClCompile Include="Src\gpio.c">
      <Filter>Source files</Filter>
    </ClCompile>
    <ClCompile Include="Src\stm32f1xx_it.c">
      <Filter>Source files</Filter>
    </ClCompile>
    <ClCompile Include="Src\stm32f1xx_hal_msp.c">
      <Filter>Source files</Filter>
    </ClCompile>
    <ClCompile Include="Src\main.c">
      <Filter>Source files</Filter>
    </ClCompile>
    <ClCompile Include="C:\Users\LJ\STM32Cube\Repository\STM32Cube_FW_F1_V1.8.3\Drivers\CMSIS\Device\ST\STM32F1xx\Source\Templates\system_stm32f1xx.c">
      <Filter>Source files\Startup</Filter>
    </ClCompile>
    <ClCompile Include="C:\Users\LJ\STM32Cube\Repository\STM32Cube_FW_F1_V1.8.3\Drivers\STM32F1xx_HAL_Driver\Src\stm32f1xx_hal.c">
      <Filter>Source files\STM32Cube HAL\COMMON</Filter>
    </ClCompile>
    <ClCompile Include="C:\Users\LJ\STM32Cube\Repository\STM32Cube_FW_F1_V1.8.3\Drivers\STM32F1xx_HAL_Driver\Src\stm32f1xx_hal_rcc.c">
      <Filter>Source files\STM32Cube HAL\RCC</Filter>
    </ClCompile>
    <ClCompile Include="C:\Users\LJ\STM32Cube\Repository\STM32Cube_FW_F1_V1.8.3\Drivers\STM32F1xx_HAL_Driver\Src\stm32f1xx_hal_rcc_ex.c">
      <Filter>Source files\STM32Cube HAL\RCC</Filter>
    </ClCompile>
    <ClCompile Include="C:\Users\LJ\STM32Cube\Repository\STM32Cube_FW_F1_V1.8.3\Drivers\STM32F1xx_HAL_Driver\Src\stm32f1xx_hal_cortex.c">
      <Filter>Source files\STM32Cube HAL\CORTEX</Filter>
    </ClCompile>
    <ClCompile Include="C:\Users\LJ\STM32Cube\Repository\STM32Cube_FW_F1_V1.8.3\Drivers\STM32F1xx_HAL_Driver\Src\stm32f1xx_hal_exti.c">
      <Filter>Source files\STM32Cube HAL\EXTI</Filter>
    </ClCompile>
    <ClCompile Include="C:\Users\LJ\STM32Cube\Repository\STM32Cube_FW_F1_V1.8.3\Drivers\STM32F1xx_HAL_Driver\Src\stm32f1xx_hal_tim.c">
      <Filter>Source files\STM32Cube HAL\TIM</Filter>
    </ClCompile>
    <ClCompile Include="C:\Users\LJ\STM32Cube\Repository\STM32Cube_FW_F1_V1.8.3\Drivers\STM32F1xx_HAL_Driver\Src\stm32f1xx_hal_tim_ex.c">
      <Filter>Source files\STM32Cube HAL\TIM</Filter>
    </ClCompile>
    <ClCompile Include="C:\Users\LJ\STM32Cube\Repository\STM32Cube_FW_F1_V1.8.3\Drivers\STM32F1xx_HAL_Driver\Src\stm32f1xx_hal_dma.c">
      <Filter>Source files\STM32Cube HAL\DMA</Filter>
    </ClCompile>
    <ClCompile Include="C:\Users\LJ\STM32Cube\Repository\STM32Cube_FW_F1_V1.8.3\Drivers\STM32F1xx_HAL_Driver\Src\stm32f1xx_hal_pwr.c">
      <Filter>Source files\STM32Cube HAL\PWR</Filter>
    </ClCompile>
    <ClCompile Include="C:\Users\LJ\STM32Cube\Repository\STM32Cube_FW_F1_V1.8.3\Drivers\STM32F1xx_HAL_Driver\Src\stm32f1xx_hal_flash.c">
      <Filter>Source files\STM32Cube HAL\FLASH</Filter>
    </ClCompile>
    <ClCompile Include="C:\Users\LJ\STM32Cube\Repository\STM32Cube_FW_F1_V1.8.3\Drivers\STM32F1xx_HAL_Driver\Src\stm32f1xx_hal_flash_ex.c">
      <Filter>Source files\STM32Cube HAL\FLASH</Filter>
    </ClCompile>
    <ClCompile Include="C:\Users\LJ\STM32Cube\Repository\STM32Cube_FW_F1_V1.8.3\Drivers\STM32F1xx_HAL_Driver\Src\stm32f1xx_hal_gpio.c">
      <Filter>Source files\STM32Cube HAL\GPIO</Filter>
    </ClCompile>
    <None Include="stm32.props">
      <Filter>Source files\Device-specific files</Filter>
    </None>
    <ClCompile Include="$(BSP_ROOT)\STM32F1xxxx\StartupFiles\startup_stm32f103xe.c">
      <Filter>Source files\Device-specific files</Filter>
    </ClCompile>
    <ClInclude Include="Inc\gpio.h">
      <Filter>Header files</Filter>
    </ClInclude>
    <ClInclude Include="Inc\stm32f1xx_it.h">
      <Filter>Header files</Filter>
    </ClInclude>
    <ClInclude Include="Inc\stm32f1xx_hal_conf.h">
      <Filter>Header files</Filter>
    </ClInclude>
    <ClInclude Include="Inc\main.h">
      <Filter>Header files</Filter>
    </ClInclude>
    <ClInclude Include="C:\Users\LJ\STM32Cube\Repository\STM32Cube_FW_F1_V1.8.3\Drivers\CMSIS\Device\ST\STM32F1xx\Include\stm32f1xx.h">
      <Filter>Header files\Startup</Filter>
    </ClInclude>
    <ClInclude Include="C:\Users\LJ\STM32Cube\Repository\STM32Cube_FW_F1_V1.8.3\Drivers\CMSIS\Device\ST\STM32F1xx\Include\system_stm32f1xx.h">
      <Filter>Header files\Startup</Filter>
    </ClInclude>
    <ClInclude Include="C:\Users\LJ\STM32Cube\Repository\STM32Cube_FW_F1_V1.8.3\Drivers\STM32F1xx_HAL_Driver\Inc\stm32f1xx_hal.h">
      <Filter>Header files\STM32Cube HAL\COMMON</Filter>
    </ClInclude>
    <ClInclude Include="C:\Users\LJ\STM32Cube\Repository\STM32Cube_FW_F1_V1.8.3\Drivers\STM32F1xx_HAL_Driver\Inc\Legacy\stm32_hal_legacy.h">
      <Filter>Header files\STM32Cube HAL\COMMON</Filter>
    </ClInclude>
    <ClInclude Include="C:\Users\LJ\STM32Cube\Repository\STM32Cube_FW_F1_V1.8.3\Drivers\STM32F1xx_HAL_Driver\Inc\stm32f1xx_hal_def.h">
      <Filter>Header files\STM32Cube HAL\COMMON</Filter>
    </ClInclude>
    <ClInclude Include="C:\Users\LJ\STM32Cube\Repository\STM32Cube_FW_F1_V1.8.3\Drivers\STM32F1xx_HAL_Driver\Inc\stm32f1xx_hal_rcc.h">
      <Filter>Header files\STM32Cube HAL\RCC</Filter>
    </ClInclude>
    <ClInclude Include="C:\Users\LJ\STM32Cube\Repository\STM32Cube_FW_F1_V1.8.3\Drivers\STM32F1xx_HAL_Driver\Inc\stm32f1xx_hal_rcc_ex.h">
      <Filter>Header files\STM32Cube HAL\RCC</Filter>
    </ClInclude>
    <ClInclude Include="C:\Users\LJ\STM32Cube\Repository\STM32Cube_FW_F1_V1.8.3\Drivers\STM32F1xx_HAL_Driver\Inc\stm32f1xx_hal_cortex.h">
      <Filter>Header files\STM32Cube HAL\CORTEX</Filter>
    </ClInclude>
    <ClInclude Include="C:\Users\LJ\STM32Cube\Repository\STM32Cube_FW_F1_V1.8.3\Drivers\STM32F1xx_HAL_Driver\Inc\stm32f1xx_hal_exti.h">
      <Filter>Header files\STM32Cube HAL\EXTI</Filter>
    </ClInclude>
    <ClInclude Include="C:\Users\LJ\STM32Cube\Repository\STM32Cube_FW_F1_V1.8.3\Drivers\STM32F1xx_HAL_Driver\Inc\stm32f1xx_hal_tim.h">
      <Filter>Header files\STM32Cube HAL\TIM</Filter>
    </ClInclude>
    <ClInclude Include="C:\Users\LJ\STM32Cube\Repository\STM32Cube_FW_F1_V1.8.3\Drivers\STM32F1xx_HAL_Driver\Inc\stm32f1xx_hal_tim_ex.h">
      <Filter>Header files\STM32Cube HAL\TIM</Filter>
    </ClInclude>
    <ClInclude Include="C:\Users\LJ\STM32Cube\Repository\STM32Cube_FW_F1_V1.8.3\Drivers\STM32F1xx_HAL_Driver\Inc\stm32f1xx_hal_dma_ex.h">
      <Filter>Header files\STM32Cube HAL\DMA</Filter>
    </ClInclude>
    <ClInclude Include="C:\Users\LJ\STM32Cube\Repository\STM32Cube_FW_F1_V1.8.3\Drivers\STM32F1xx_HAL_Driver\Inc\stm32f1xx_hal_dma.h">
      <Filter>Header files\STM32Cube HAL\DMA</Filter>
    </ClInclude>
    <ClInclude Include="C:\Users\LJ\STM32Cube\Repository\STM32Cube_FW_F1_V1.8.3\Drivers\STM32F1xx_HAL_Driver\Inc\stm32f1xx_hal_pwr.h">
      <Filter>Header files\STM32Cube HAL\PWR</Filter>
    </ClInclude>
    <ClInclude Include="C:\Users\LJ\STM32Cube\Repository\STM32Cube_FW_F1_V1.8.3\Drivers\STM32F1xx_HAL_Driver\Inc\stm32f1xx_hal_flash.h">
      <Filter>Header files\STM32Cube HAL\FLASH</Filter>
    </ClInclude>
    <ClInclude Include="C:\Users\LJ\STM32Cube\Repository\STM32Cube_FW_F1_V1.8.3\Drivers\STM32F1xx_HAL_Driver\Inc\stm32f1xx_hal_flash_ex.h">
      <Filter>Header files\STM32Cube HAL\FLASH</Filter>
    </ClInclude>
    <ClInclude Include="C:\Users\LJ\STM32Cube\Repository\STM32Cube_FW_F1_V1.8.3\Drivers\STM32F1xx_HAL_Driver\Inc\stm32f1xx_hal_gpio.h">
      <Filter>Header files\STM32Cube HAL\GPIO</Filter>
    </ClInclude>
    <ClInclude Include="C:\Users\LJ\STM32Cube\Repository\STM32Cube_FW_F1_V1.8.3\Drivers\STM32F1xx_HAL_Driver\Inc\stm32f1xx_hal_gpio_ex.h">
      <Filter>Header files\STM32Cube HAL\GPIO</Filter>
    </ClInclude>
    <ClCompile Include="C:\Users\LJ\STM32Cube\Repository\STM32Cube_FW_F1_V1.8.3\Drivers\STM32F1xx_HAL_Driver\Src\stm32f1xx_hal_gpio_ex.c">
      <Filter>Header files\STM32Cube HAL\GPIO</Filter>
    </ClCompile>
    <None Include="HAL_LED_01-Debug.vgdbsettings">
      <Filter>VisualGDB settings</Filter>
    </None>
    <None Include="HAL_LED_01-Release.vgdbsettings">
      <Filter>VisualGDB settings</Filter>
    </None>
    <None Include="stm32.xml">
      <Filter>VisualGDB settings</Filter>
    </None>
  </ItemGroup>
</Project>